
Microsoft Visual Studio Solution File, Format Version 12.00
# Visual Studio Version 16
VisualStudioVersion = 16.0.29306.81
MinimumVisualStudioVersion = 10.0.40219.1
Project("{9A19103F-16F7-4668-BE54-9A1E7A4F7556}") = "AirStorage", "AirStorage\AirStorage.csproj", "{6A2295E2-2084-43EF-8F3F-E5EEEA567624}"
EndProject
Project("{2150E333-8FDC-42A3-9474-1A3956D46DE8}") = "Tests", "Tests", "{8238106C-8C0C-425C-AB71-D12E2A3B6726}"
EndProject
Project("{9A19103F-16F7-4668-BE54-9A1E7A4F7556}") = "AirStorage.Domain.Tests", "Tests\AirStorage.Domain.Tests\AirStorage.Domain.Tests.csproj", "{32D9088F-D7EC-48AB-8EF9-F49309A87AC4}"
EndProject
Project("{9A19103F-16F7-4668-BE54-9A1E7A4F7556}") = "EmailSender.Tests", "Tests\EmailSender.Tests\EmailSender.Tests.csproj", "{8156D7B3-5C32-4DD0-BC11-97A68609842D}"
EndProject
Project("{9A19103F-16F7-4668-BE54-9A1E7A4F7556}") = "AirStorage.Data.Tests", "Tests\AirStorage.Data.Tests\AirStorage.Data.Tests.csproj", "{E2CC00ED-C364-4B7C-9FDF-104AA46D3B3C}"
EndProject
Project("{9A19103F-16F7-4668-BE54-9A1E7A4F7556}") = "AirStorage.Domain", "AirStorage.Domain\AirStorage.Domain.csproj", "{419271DC-2257-454F-93A7-C8A224D7CDEF}"
EndProject
Project("{FAE04EC0-301F-11D3-BF4B-00C04F79EFBC}") = "EmailSender", "EmailSender\EmailSender.csproj", "{9F7455A8-375D-42ED-9BEA-F48C7FF68082}"
EndProject
Global
	GlobalSection(SolutionConfigurationPlatforms) = preSolution
		Debug|Any CPU = Debug|Any CPU
		Release|Any CPU = Release|Any CPU
	EndGlobalSection
	GlobalSection(ProjectConfigurationPlatforms) = postSolution
		{6A2295E2-2084-43EF-8F3F-E5EEEA567624}.Debug|Any CPU.ActiveCfg = Debug|Any CPU
		{6A2295E2-2084-43EF-8F3F-E5EEEA567624}.Debug|Any CPU.Build.0 = Debug|Any CPU
		{6A2295E2-2084-43EF-8F3F-E5EEEA567624}.Release|Any CPU.ActiveCfg = Release|Any CPU
		{6A2295E2-2084-43EF-8F3F-E5EEEA567624}.Release|Any CPU.Build.0 = Release|Any CPU
		{32D9088F-D7EC-48AB-8EF9-F49309A87AC4}.Debug|Any CPU.ActiveCfg = Debug|Any CPU
		{32D9088F-D7EC-48AB-8EF9-F49309A87AC4}.Debug|Any CPU.Build.0 = Debug|Any CPU
		{32D9088F-D7EC-48AB-8EF9-F49309A87AC4}.Release|Any CPU.ActiveCfg = Release|Any CPU
		{32D9088F-D7EC-48AB-8EF9-F49309A87AC4}.Release|Any CPU.Build.0 = Release|Any CPU
		{8156D7B3-5C32-4DD0-BC11-97A68609842D}.Debug|Any CPU.ActiveCfg = Debug|Any CPU
		{8156D7B3-5C32-4DD0-BC11-97A68609842D}.Debug|Any CPU.Build.0 = Debug|Any CPU
		{8156D7B3-5C32-4DD0-BC11-97A68609842D}.Release|Any CPU.ActiveCfg = Release|Any CPU
		{8156D7B3-5C32-4DD0-BC11-97A68609842D}.Release|Any CPU.Build.0 = Release|Any CPU
		{E2CC00ED-C364-4B7C-9FDF-104AA46D3B3C}.Debug|Any CPU.ActiveCfg = Debug|Any CPU
		{E2CC00ED-C364-4B7C-9FDF-104AA46D3B3C}.Debug|Any CPU.Build.0 = Debug|Any CPU
		{E2CC00ED-C364-4B7C-9FDF-104AA46D3B3C}.Release|Any CPU.ActiveCfg = Release|Any CPU
		{E2CC00ED-C364-4B7C-9FDF-104AA46D3B3C}.Release|Any CPU.Build.0 = Release|Any CPU
		{419271DC-2257-454F-93A7-C8A224D7CDEF}.Debug|Any CPU.ActiveCfg = Debug|Any CPU
		{419271DC-2257-454F-93A7-C8A224D7CDEF}.Debug|Any CPU.Build.0 = Debug|Any CPU
		{419271DC-2257-454F-93A7-C8A224D7CDEF}.Release|Any CPU.ActiveCfg = Release|Any CPU
		{419271DC-2257-454F-93A7-C8A224D7CDEF}.Release|Any CPU.Build.0 = Release|Any CPU
		{9F7455A8-375D-42ED-9BEA-F48C7FF68082}.Debug|Any CPU.ActiveCfg = Debug|Any CPU
		{9F7455A8-375D-42ED-9BEA-F48C7FF68082}.Debug|Any CPU.Build.0 = Debug|Any CPU
		{9F7455A8-375D-42ED-9BEA-F48C7FF68082}.Release|Any CPU.ActiveCfg = Release|Any CPU
		{9F7455A8-375D-42ED-9BEA-F48C7FF68082}.Release|Any CPU.Build.0 = Release|Any CPU
	EndGlobalSection
	GlobalSection(SolutionProperties) = preSolution
		HideSolutionNode = FALSE
	EndGlobalSection
	GlobalSection(NestedProjects) = preSolution
		{32D9088F-D7EC-48AB-8EF9-F49309A87AC4} = {8238106C-8C0C-425C-AB71-D12E2A3B6726}
		{8156D7B3-5C32-4DD0-BC11-97A68609842D} = {8238106C-8C0C-425C-AB71-D12E2A3B6726}
		{E2CC00ED-C364-4B7C-9FDF-104AA46D3B3C} = {8238106C-8C0C-425C-AB71-D12E2A3B6726}
	EndGlobalSection
	GlobalSection(ExtensibilityGlobals) = postSolution
		SolutionGuid = {AF997F71-EFC5-4C52-9977-FC7CC064E26D}
	EndGlobalSection
EndGlobal
